
Microsoft Visual Studio Solution File, Format Version 12.00
# Visual Studio 2013
VisualStudioVersion = 12.0.21005.1
MinimumVisualStudioVersion = 10.0.40219.1
Project("{8BC9CEB8-8B4A-11D0-8D11-00A0C91BC942}") = "概率学", "概率学\概率学.vcxproj", "{A207CBF7-A2DF-4FA5-9AA7-860ED2455ABB}"
EndProject
Global
	GlobalSection(SolutionConfigurationPlatforms) = preSolution
		Debug|Win32 = Debug|Win32
		Release|Win32 = Release|Win32
	EndGlobalSection
	GlobalSection(ProjectConfigurationPlatforms) = postSolution
		{A207CBF7-A2DF-4FA5-9AA7-860ED2455ABB}.Debug|Win32.ActiveCfg = Debug|Win32
		{A207CBF7-A2DF-4FA5-9AA7-860ED2455ABB}.Debug|Win32.Build.0 = Debug|Win32
		{A207CBF7-A2DF-4FA5-9AA7-860ED2455ABB}.Release|Win32.ActiveCfg = Release|Win32
		{A207CBF7-A2DF-4FA5-9AA7-860ED2455ABB}.Release|Win32.Build.0 = Release|Win32
	EndGlobalSection
	GlobalSection(SolutionProperties) = preSolution
		HideSolutionNode = FALSE
	EndGlobalSection
EndGlobal
