
Microsoft Visual Studio Solution File, Format Version 12.00
# Visual Studio 2013
VisualStudioVersion = 12.0.21005.1
MinimumVisualStudioVersion = 10.0.40219.1
Project("{8BC9CEB8-8B4A-11D0-8D11-00A0C91BC942}") = "多态", "多态\多态.vcxproj", "{1B86E4F6-2E5C-4D96-A46A-8E20F06E0A9C}"
EndProject
Global
	GlobalSection(SolutionConfigurationPlatforms) = preSolution
		Debug|Win32 = Debug|Win32
		Release|Win32 = Release|Win32
	EndGlobalSection
	GlobalSection(ProjectConfigurationPlatforms) = postSolution
		{1B86E4F6-2E5C-4D96-A46A-8E20F06E0A9C}.Debug|Win32.ActiveCfg = Debug|Win32
		{1B86E4F6-2E5C-4D96-A46A-8E20F06E0A9C}.Debug|Win32.Build.0 = Debug|Win32
		{1B86E4F6-2E5C-4D96-A46A-8E20F06E0A9C}.Release|Win32.ActiveCfg = Release|Win32
		{1B86E4F6-2E5C-4D96-A46A-8E20F06E0A9C}.Release|Win32.Build.0 = Release|Win32
	EndGlobalSection
	GlobalSection(SolutionProperties) = preSolution
		HideSolutionNode = FALSE
	EndGlobalSection
EndGlobal
